// !$*UTF8*$!
{
	archiveVersion = 1;
	classes = {
	};
	objectVersion = 51;
	objects = {

/* Begin PBXBuildFile section */
		220A5DC823E7494A00E87704 /* UIFont.swift in Sources */ = {isa = PBXBuildFile; fileRef = 220A5DC723E7494A00E87704 /* UIFont.swift */; };
		220A5DCA23E74B8600E87704 /* UIColor.swift in Sources */ = {isa = PBXBuildFile; fileRef = 220A5DC923E74B8600E87704 /* UIColor.swift */; };
		220A5DCD23E7520100E87704 /* HeaderLabel.swift in Sources */ = {isa = PBXBuildFile; fileRef = 220A5DCC23E7520100E87704 /* HeaderLabel.swift */; };
		220A5DCF23E7541A00E87704 /* LoginContainerView.swift in Sources */ = {isa = PBXBuildFile; fileRef = 220A5DCE23E7541A00E87704 /* LoginContainerView.swift */; };
		22D5489523E73247003167F8 /* AppDelegate.swift in Sources */ = {isa = PBXBuildFile; fileRef = 22D5489423E73247003167F8 /* AppDelegate.swift */; };
		22D5489723E73247003167F8 /* SceneDelegate.swift in Sources */ = {isa = PBXBuildFile; fileRef = 22D5489623E73247003167F8 /* SceneDelegate.swift */; };
		22D5489923E73247003167F8 /* LoginViewController.swift in Sources */ = {isa = PBXBuildFile; fileRef = 22D5489823E73247003167F8 /* LoginViewController.swift */; };
		22D5489C23E73247003167F8 /* Main.storyboard in Resources */ = {isa = PBXBuildFile; fileRef = 22D5489A23E73247003167F8 /* Main.storyboard */; };
		22D5489E23E73248003167F8 /* Assets.xcassets in Resources */ = {isa = PBXBuildFile; fileRef = 22D5489D23E73248003167F8 /* Assets.xcassets */; };
		22D548A123E73248003167F8 /* LaunchScreen.storyboard in Resources */ = {isa = PBXBuildFile; fileRef = 22D5489F23E73248003167F8 /* LaunchScreen.storyboard */; };
		22D548AC23E73248003167F8 /* OnboardingTests.swift in Sources */ = {isa = PBXBuildFile; fileRef = 22D548AB23E73248003167F8 /* OnboardingTests.swift */; };
		22D548C223E74463003167F8 /* ServiceProvider.swift in Sources */ = {isa = PBXBuildFile; fileRef = 22D548C123E74463003167F8 /* ServiceProvider.swift */; };
		22D548C423E74476003167F8 /* NavigationService.swift in Sources */ = {isa = PBXBuildFile; fileRef = 22D548C323E74476003167F8 /* NavigationService.swift */; };
		22D548C623E745CD003167F8 /* NavigationServiceImplementation.swift in Sources */ = {isa = PBXBuildFile; fileRef = 22D548C523E745CD003167F8 /* NavigationServiceImplementation.swift */; };
		22FB881823FF2D3D00E54C7D /* EmailLoginController.swift in Sources */ = {isa = PBXBuildFile; fileRef = 22FB881723FF2D3D00E54C7D /* EmailLoginController.swift */; };
		22FB881A23FF32A300E54C7D /* UITextField.swift in Sources */ = {isa = PBXBuildFile; fileRef = 22FB881923FF32A300E54C7D /* UITextField.swift */; };
		22FB881C2400992700E54C7D /* LoginTextField.swift in Sources */ = {isa = PBXBuildFile; fileRef = 22FB881B2400992700E54C7D /* LoginTextField.swift */; };
		22FB881F2403041F00E54C7D /* CredentialVerifications.swift in Sources */ = {isa = PBXBuildFile; fileRef = 22FB881E2403041F00E54C7D /* CredentialVerifications.swift */; };
		99D3A1929A5A39DCACE3B08C /* libPods-Onboarding.a in Frameworks */ = {isa = PBXBuildFile; fileRef = 890DECFF3CB2193C8DA9D19A /* libPods-Onboarding.a */; };
		FB8A30932813E0FBF89837C4 /* libPods-OnboardingTests.a in Frameworks */ = {isa = PBXBuildFile; fileRef = 1B53BCDF85A30D3CD521C4FE /* libPods-OnboardingTests.a */; };
/* End PBXBuildFile section */

/* Begin PBXContainerItemProxy section */
		22D548A823E73248003167F8 /* PBXContainerItemProxy */ = {
			isa = PBXContainerItemProxy;
			containerPortal = 22D5488923E73247003167F8 /* Project object */;
			proxyType = 1;
			remoteGlobalIDString = 22D5489023E73247003167F8;
			remoteInfo = Onboarding;
		};
/* End PBXContainerItemProxy section */

/* Begin PBXFileReference section */
		005DE5A02665AD6492BF6A63 /* Pods-OnboardingTests.release.xcconfig */ = {isa = PBXFileReference; includeInIndex = 1; lastKnownFileType = text.xcconfig; name = "Pods-OnboardingTests.release.xcconfig"; path = "Target Support Files/Pods-OnboardingTests/Pods-OnboardingTests.release.xcconfig"; sourceTree = "<group>"; };
		12810368597A13FA0F56FF89 /* Pods-OnboardingTests.debug.xcconfig */ = {isa = PBXFileReference; includeInIndex = 1; lastKnownFileType = text.xcconfig; name = "Pods-OnboardingTests.debug.xcconfig"; path = "Target Support Files/Pods-OnboardingTests/Pods-OnboardingTests.debug.xcconfig"; sourceTree = "<group>"; };
		18832888CD99BD48D1A2244E /* Pods-Onboarding.release.xcconfig */ = {isa = PBXFileReference; includeInIndex = 1; lastKnownFileType = text.xcconfig; name = "Pods-Onboarding.release.xcconfig"; path = "Target Support Files/Pods-Onboarding/Pods-Onboarding.release.xcconfig"; sourceTree = "<group>"; };
		1B53BCDF85A30D3CD521C4FE /* libPods-OnboardingTests.a */ = {isa = PBXFileReference; explicitFileType = archive.ar; includeInIndex = 0; path = "libPods-OnboardingTests.a"; sourceTree = BUILT_PRODUCTS_DIR; };
		220A5DC723E7494A00E87704 /* UIFont.swift */ = {isa = PBXFileReference; lastKnownFileType = sourcecode.swift; path = UIFont.swift; sourceTree = "<group>"; };
		220A5DC923E74B8600E87704 /* UIColor.swift */ = {isa = PBXFileReference; lastKnownFileType = sourcecode.swift; path = UIColor.swift; sourceTree = "<group>"; };
		220A5DCC23E7520100E87704 /* HeaderLabel.swift */ = {isa = PBXFileReference; lastKnownFileType = sourcecode.swift; path = HeaderLabel.swift; sourceTree = "<group>"; };
		220A5DCE23E7541A00E87704 /* LoginContainerView.swift */ = {isa = PBXFileReference; lastKnownFileType = sourcecode.swift; path = LoginContainerView.swift; sourceTree = "<group>"; };
		22D5489123E73247003167F8 /* Onboarding.app */ = {isa = PBXFileReference; explicitFileType = wrapper.application; includeInIndex = 0; path = Onboarding.app; sourceTree = BUILT_PRODUCTS_DIR; };
		22D5489423E73247003167F8 /* AppDelegate.swift */ = {isa = PBXFileReference; lastKnownFileType = sourcecode.swift; path = AppDelegate.swift; sourceTree = "<group>"; };
		22D5489623E73247003167F8 /* SceneDelegate.swift */ = {isa = PBXFileReference; lastKnownFileType = sourcecode.swift; path = SceneDelegate.swift; sourceTree = "<group>"; };
		22D5489823E73247003167F8 /* LoginViewController.swift */ = {isa = PBXFileReference; lastKnownFileType = sourcecode.swift; path = LoginViewController.swift; sourceTree = "<group>"; };
		22D5489B23E73247003167F8 /* Base */ = {isa = PBXFileReference; lastKnownFileType = file.storyboard; name = Base; path = Base.lproj/Main.storyboard; sourceTree = "<group>"; };
		22D5489D23E73248003167F8 /* Assets.xcassets */ = {isa = PBXFileReference; lastKnownFileType = folder.assetcatalog; path = Assets.xcassets; sourceTree = "<group>"; };
		22D548A023E73248003167F8 /* Base */ = {isa = PBXFileReference; lastKnownFileType = file.storyboard; name = Base; path = Base.lproj/LaunchScreen.storyboard; sourceTree = "<group>"; };
		22D548A223E73248003167F8 /* Info.plist */ = {isa = PBXFileReference; lastKnownFileType = text.plist.xml; path = Info.plist; sourceTree = "<group>"; };
		22D548A723E73248003167F8 /* OnboardingTests.xctest */ = {isa = PBXFileReference; explicitFileType = wrapper.cfbundle; includeInIndex = 0; path = OnboardingTests.xctest; sourceTree = BUILT_PRODUCTS_DIR; };
		22D548AB23E73248003167F8 /* OnboardingTests.swift */ = {isa = PBXFileReference; lastKnownFileType = sourcecode.swift; path = OnboardingTests.swift; sourceTree = "<group>"; };
		22D548AD23E73248003167F8 /* Info.plist */ = {isa = PBXFileReference; lastKnownFileType = text.plist.xml; path = Info.plist; sourceTree = "<group>"; };
		22D548C123E74463003167F8 /* ServiceProvider.swift */ = {isa = PBXFileReference; lastKnownFileType = sourcecode.swift; path = ServiceProvider.swift; sourceTree = "<group>"; };
		22D548C323E74476003167F8 /* NavigationService.swift */ = {isa = PBXFileReference; lastKnownFileType = sourcecode.swift; path = NavigationService.swift; sourceTree = "<group>"; };
		22D548C523E745CD003167F8 /* NavigationServiceImplementation.swift */ = {isa = PBXFileReference; lastKnownFileType = sourcecode.swift; path = NavigationServiceImplementation.swift; sourceTree = "<group>"; };
		22FB881723FF2D3D00E54C7D /* EmailLoginController.swift */ = {isa = PBXFileReference; lastKnownFileType = sourcecode.swift; path = EmailLoginController.swift; sourceTree = "<group>"; };
		22FB881923FF32A300E54C7D /* UITextField.swift */ = {isa = PBXFileReference; lastKnownFileType = sourcecode.swift; path = UITextField.swift; sourceTree = "<group>"; };
		22FB881B2400992700E54C7D /* LoginTextField.swift */ = {isa = PBXFileReference; lastKnownFileType = sourcecode.swift; path = LoginTextField.swift; sourceTree = "<group>"; };
		22FB881E2403041F00E54C7D /* CredentialVerifications.swift */ = {isa = PBXFileReference; lastKnownFileType = sourcecode.swift; path = CredentialVerifications.swift; sourceTree = "<group>"; };
		7BE2105CBF1EE9C439A3A7DC /* Pods-Onboarding.debug.xcconfig */ = {isa = PBXFileReference; includeInIndex = 1; lastKnownFileType = text.xcconfig; name = "Pods-Onboarding.debug.xcconfig"; path = "Target Support Files/Pods-Onboarding/Pods-Onboarding.debug.xcconfig"; sourceTree = "<group>"; };
		890DECFF3CB2193C8DA9D19A /* libPods-Onboarding.a */ = {isa = PBXFileReference; explicitFileType = archive.ar; includeInIndex = 0; path = "libPods-Onboarding.a"; sourceTree = BUILT_PRODUCTS_DIR; };
/* End PBXFileReference section */

/* Begin PBXFrameworksBuildPhase section */
		22D5488E23E73247003167F8 /* Frameworks */ = {
			isa = PBXFrameworksBuildPhase;
			buildActionMask = 2147483647;
			files = (
				99D3A1929A5A39DCACE3B08C /* libPods-Onboarding.a in Frameworks */,
			);
			runOnlyForDeploymentPostprocessing = 0;
		};
		22D548A423E73248003167F8 /* Frameworks */ = {
			isa = PBXFrameworksBuildPhase;
			buildActionMask = 2147483647;
			files = (
				FB8A30932813E0FBF89837C4 /* libPods-OnboardingTests.a in Frameworks */,
			);
			runOnlyForDeploymentPostprocessing = 0;
		};
/* End PBXFrameworksBuildPhase section */

/* Begin PBXGroup section */
		220A5DC623E7493F00E87704 /* Extension */ = {
			isa = PBXGroup;
			children = (
				220A5DC723E7494A00E87704 /* UIFont.swift */,
				220A5DC923E74B8600E87704 /* UIColor.swift */,
				22FB881923FF32A300E54C7D /* UITextField.swift */,
			);
			path = Extension;
			sourceTree = "<group>";
		};
		220A5DCB23E751EE00E87704 /* Login */ = {
			isa = PBXGroup;
			children = (
				220A5DCC23E7520100E87704 /* HeaderLabel.swift */,
				220A5DCE23E7541A00E87704 /* LoginContainerView.swift */,
				22FB881B2400992700E54C7D /* LoginTextField.swift */,
			);
			path = Login;
			sourceTree = "<group>";
		};
		22D5488823E73246003167F8 = {
			isa = PBXGroup;
			children = (
				22D5489323E73247003167F8 /* Onboarding */,
				22D548AA23E73248003167F8 /* OnboardingTests */,
				22D5489223E73247003167F8 /* Products */,
				29EA62560D82C08AF3A9285B /* Pods */,
				83655C42DA5CC0C85E9103E8 /* Frameworks */,
			);
			sourceTree = "<group>";
		};
		22D5489223E73247003167F8 /* Products */ = {
			isa = PBXGroup;
			children = (
				22D5489123E73247003167F8 /* Onboarding.app */,
				22D548A723E73248003167F8 /* OnboardingTests.xctest */,
			);
			name = Products;
			sourceTree = "<group>";
		};
		22D5489323E73247003167F8 /* Onboarding */ = {
			isa = PBXGroup;
			children = (
				22FB881D2403040100E54C7D /* Utils */,
				220A5DC623E7493F00E87704 /* Extension */,
				22D548C023E74451003167F8 /* Service */,
				22D548BF23E740D5003167F8 /* Protocol */,
				22D548BC23E74027003167F8 /* Navigation */,
				22D548BB23E73FF3003167F8 /* Model */,
				22D548BA23E73FE8003167F8 /* View */,
				22D548B723E73F71003167F8 /* Controller */,
				22D548B923E73FDC003167F8 /* Assets */,
				22D548B823E73FC6003167F8 /* AppDelegate */,
				22D548B623E73EB1003167F8 /* Storyboard */,
				22D548A223E73248003167F8 /* Info.plist */,
			);
			path = Onboarding;
			sourceTree = "<group>";
		};
		22D548AA23E73248003167F8 /* OnboardingTests */ = {
			isa = PBXGroup;
			children = (
				22D548AB23E73248003167F8 /* OnboardingTests.swift */,
				22D548AD23E73248003167F8 /* Info.plist */,
			);
			path = OnboardingTests;
			sourceTree = "<group>";
		};
		22D548B623E73EB1003167F8 /* Storyboard */ = {
			isa = PBXGroup;
			children = (
				22D5489A23E73247003167F8 /* Main.storyboard */,
				22D5489F23E73248003167F8 /* LaunchScreen.storyboard */,
			);
			path = Storyboard;
			sourceTree = "<group>";
		};
		22D548B723E73F71003167F8 /* Controller */ = {
			isa = PBXGroup;
			children = (
				22D5489823E73247003167F8 /* LoginViewController.swift */,
				22FB881723FF2D3D00E54C7D /* EmailLoginController.swift */,
			);
			path = Controller;
			sourceTree = "<group>";
		};
		22D548B823E73FC6003167F8 /* AppDelegate */ = {
			isa = PBXGroup;
			children = (
				22D5489423E73247003167F8 /* AppDelegate.swift */,
				22D5489623E73247003167F8 /* SceneDelegate.swift */,
			);
			path = AppDelegate;
			sourceTree = "<group>";
		};
		22D548B923E73FDC003167F8 /* Assets */ = {
			isa = PBXGroup;
			children = (
				22D5489D23E73248003167F8 /* Assets.xcassets */,
			);
			path = Assets;
			sourceTree = "<group>";
		};
		22D548BA23E73FE8003167F8 /* View */ = {
			isa = PBXGroup;
			children = (
				220A5DCB23E751EE00E87704 /* Login */,
			);
			path = View;
			sourceTree = "<group>";
		};
		22D548BB23E73FF3003167F8 /* Model */ = {
			isa = PBXGroup;
			children = (
			);
			path = Model;
			sourceTree = "<group>";
		};
		22D548BC23E74027003167F8 /* Navigation */ = {
			isa = PBXGroup;
			children = (
				22D548C523E745CD003167F8 /* NavigationServiceImplementation.swift */,
			);
			path = Navigation;
			sourceTree = "<group>";
		};
		22D548BF23E740D5003167F8 /* Protocol */ = {
			isa = PBXGroup;
			children = (
				22D548C323E74476003167F8 /* NavigationService.swift */,
			);
			path = Protocol;
			sourceTree = "<group>";
		};
		22D548C023E74451003167F8 /* Service */ = {
			isa = PBXGroup;
			children = (
				22D548C123E74463003167F8 /* ServiceProvider.swift */,
			);
			path = Service;
			sourceTree = "<group>";
		};
		22FB881D2403040100E54C7D /* Utils */ = {
			isa = PBXGroup;
			children = (
				22FB881E2403041F00E54C7D /* CredentialVerifications.swift */,
			);
			path = Utils;
			sourceTree = "<group>";
		};
		29EA62560D82C08AF3A9285B /* Pods */ = {
			isa = PBXGroup;
			children = (
				7BE2105CBF1EE9C439A3A7DC /* Pods-Onboarding.debug.xcconfig */,
				18832888CD99BD48D1A2244E /* Pods-Onboarding.release.xcconfig */,
				12810368597A13FA0F56FF89 /* Pods-OnboardingTests.debug.xcconfig */,
				005DE5A02665AD6492BF6A63 /* Pods-OnboardingTests.release.xcconfig */,
			);
			path = Pods;
			sourceTree = "<group>";
		};
		83655C42DA5CC0C85E9103E8 /* Frameworks */ = {
			isa = PBXGroup;
			children = (
				890DECFF3CB2193C8DA9D19A /* libPods-Onboarding.a */,
				1B53BCDF85A30D3CD521C4FE /* libPods-OnboardingTests.a */,
			);
			name = Frameworks;
			sourceTree = "<group>";
		};
/* End PBXGroup section */

/* Begin PBXNativeTarget section */
		22D5489023E73247003167F8 /* Onboarding */ = {
			isa = PBXNativeTarget;
			buildConfigurationList = 22D548B023E73248003167F8 /* Build configuration list for PBXNativeTarget "Onboarding" */;
			buildPhases = (
				B54E684299F0697AC86B2446 /* [CP] Check Pods Manifest.lock */,
				22D5488D23E73247003167F8 /* Sources */,
				22D5488E23E73247003167F8 /* Frameworks */,
				22D5488F23E73247003167F8 /* Resources */,
				88E8C351D69167DCE9F30037 /* [CP] Copy Pods Resources */,
			);
			buildRules = (
			);
			dependencies = (
			);
			name = Onboarding;
			productName = Onboarding;
			productReference = 22D5489123E73247003167F8 /* Onboarding.app */;
			productType = "com.apple.product-type.application";
		};
		22D548A623E73248003167F8 /* OnboardingTests */ = {
			isa = PBXNativeTarget;
			buildConfigurationList = 22D548B323E73248003167F8 /* Build configuration list for PBXNativeTarget "OnboardingTests" */;
			buildPhases = (
				1D2252DD1491221155A2861A /* [CP] Check Pods Manifest.lock */,
				22D548A323E73248003167F8 /* Sources */,
				22D548A423E73248003167F8 /* Frameworks */,
				22D548A523E73248003167F8 /* Resources */,
			);
			buildRules = (
			);
			dependencies = (
				22D548A923E73248003167F8 /* PBXTargetDependency */,
			);
			name = OnboardingTests;
			productName = OnboardingTests;
			productReference = 22D548A723E73248003167F8 /* OnboardingTests.xctest */;
			productType = "com.apple.product-type.bundle.unit-test";
		};
/* End PBXNativeTarget section */

/* Begin PBXProject section */
		22D5488923E73247003167F8 /* Project object */ = {
			isa = PBXProject;
			attributes = {
				LastSwiftUpdateCheck = 1130;
				LastUpgradeCheck = 1130;
				ORGANIZATIONNAME = "Rodion Kuskov";
				TargetAttributes = {
					22D5489023E73247003167F8 = {
						CreatedOnToolsVersion = 11.3.1;
					};
					22D548A623E73248003167F8 = {
						CreatedOnToolsVersion = 11.3.1;
						TestTargetID = 22D5489023E73247003167F8;
					};
				};
			};
			buildConfigurationList = 22D5488C23E73247003167F8 /* Build configuration list for PBXProject "Onboarding" */;
			compatibilityVersion = "Xcode 9.3";
			developmentRegion = en;
			hasScannedForEncodings = 0;
			knownRegions = (
				en,
				Base,
			);
			mainGroup = 22D5488823E73246003167F8;
			productRefGroup = 22D5489223E73247003167F8 /* Products */;
			projectDirPath = "";
			projectRoot = "";
			targets = (
				22D5489023E73247003167F8 /* Onboarding */,
				22D548A623E73248003167F8 /* OnboardingTests */,
			);
		};
/* End PBXProject section */

/* Begin PBXResourcesBuildPhase section */
		22D5488F23E73247003167F8 /* Resources */ = {
			isa = PBXResourcesBuildPhase;
			buildActionMask = 2147483647;
			files = (
				22D548A123E73248003167F8 /* LaunchScreen.storyboard in Resources */,
				22D5489E23E73248003167F8 /* Assets.xcassets in Resources */,
				22D5489C23E73247003167F8 /* Main.storyboard in Resources */,
			);
			runOnlyForDeploymentPostprocessing = 0;
		};
		22D548A523E73248003167F8 /* Resources */ = {
			isa = PBXResourcesBuildPhase;
			buildActionMask = 2147483647;
			files = (
			);
			runOnlyForDeploymentPostprocessing = 0;
		};
/* End PBXResourcesBuildPhase section */

/* Begin PBXShellScriptBuildPhase section */
		1D2252DD1491221155A2861A /* [CP] Check Pods Manifest.lock */ = {
			isa = PBXShellScriptBuildPhase;
			buildActionMask = 2147483647;
			files = (
			);
			inputFileListPaths = (
			);
			inputPaths = (
				"${PODS_PODFILE_DIR_PATH}/Podfile.lock",
				"${PODS_ROOT}/Manifest.lock",
			);
			name = "[CP] Check Pods Manifest.lock";
			outputFileListPaths = (
			);
			outputPaths = (
				"$(DERIVED_FILE_DIR)/Pods-OnboardingTests-checkManifestLockResult.txt",
			);
			runOnlyForDeploymentPostprocessing = 0;
			shellPath = /bin/sh;
			shellScript = "diff \"${PODS_PODFILE_DIR_PATH}/Podfile.lock\" \"${PODS_ROOT}/Manifest.lock\" > /dev/null\nif [ $? != 0 ] ; then\n    # print error to STDERR\n    echo \"error: The sandbox is not in sync with the Podfile.lock. Run 'pod install' or update your CocoaPods installation.\" >&2\n    exit 1\nfi\n# This output is used by Xcode 'outputs' to avoid re-running this script phase.\necho \"SUCCESS\" > \"${SCRIPT_OUTPUT_FILE_0}\"\n";
			showEnvVarsInLog = 0;
		};
		88E8C351D69167DCE9F30037 /* [CP] Copy Pods Resources */ = {
			isa = PBXShellScriptBuildPhase;
			buildActionMask = 2147483647;
			files = (
			);
			inputFileListPaths = (
				"${PODS_ROOT}/Target Support Files/Pods-Onboarding/Pods-Onboarding-resources-${CONFIGURATION}-input-files.xcfilelist",
			);
			name = "[CP] Copy Pods Resources";
			outputFileListPaths = (
				"${PODS_ROOT}/Target Support Files/Pods-Onboarding/Pods-Onboarding-resources-${CONFIGURATION}-output-files.xcfilelist",
			);
			runOnlyForDeploymentPostprocessing = 0;
			shellPath = /bin/sh;
			shellScript = "\"${PODS_ROOT}/Target Support Files/Pods-Onboarding/Pods-Onboarding-resources.sh\"\n";
			showEnvVarsInLog = 0;
		};
		B54E684299F0697AC86B2446 /* [CP] Check Pods Manifest.lock */ = {
			isa = PBXShellScriptBuildPhase;
			buildActionMask = 2147483647;
			files = (
			);
			inputFileListPaths = (
			);
			inputPaths = (
				"${PODS_PODFILE_DIR_PATH}/Podfile.lock",
				"${PODS_ROOT}/Manifest.lock",
			);
			name = "[CP] Check Pods Manifest.lock";
			outputFileListPaths = (
			);
			outputPaths = (
				"$(DERIVED_FILE_DIR)/Pods-Onboarding-checkManifestLockResult.txt",
			);
			runOnlyForDeploymentPostprocessing = 0;
			shellPath = /bin/sh;
			shellScript = "diff \"${PODS_PODFILE_DIR_PATH}/Podfile.lock\" \"${PODS_ROOT}/Manifest.lock\" > /dev/null\nif [ $? != 0 ] ; then\n    # print error to STDERR\n    echo \"error: The sandbox is not in sync with the Podfile.lock. Run 'pod install' or update your CocoaPods installation.\" >&2\n    exit 1\nfi\n# This output is used by Xcode 'outputs' to avoid re-running this script phase.\necho \"SUCCESS\" > \"${SCRIPT_OUTPUT_FILE_0}\"\n";
			showEnvVarsInLog = 0;
		};
/* End PBXShellScriptBuildPhase section */

/* Begin PBXSourcesBuildPhase section */
		22D5488D23E73247003167F8 /* Sources */ = {
			isa = PBXSourcesBuildPhase;
			buildActionMask = 2147483647;
			files = (
				22D548C423E74476003167F8 /* NavigationService.swift in Sources */,
				22D548C623E745CD003167F8 /* NavigationServiceImplementation.swift in Sources */,
				22FB881823FF2D3D00E54C7D /* EmailLoginController.swift in Sources */,
				22FB881C2400992700E54C7D /* LoginTextField.swift in Sources */,
				220A5DCF23E7541A00E87704 /* LoginContainerView.swift in Sources */,
				22FB881A23FF32A300E54C7D /* UITextField.swift in Sources */,
				22D548C223E74463003167F8 /* ServiceProvider.swift in Sources */,
				22FB881F2403041F00E54C7D /* CredentialVerifications.swift in Sources */,
				220A5DC823E7494A00E87704 /* UIFont.swift in Sources */,
				22D5489923E73247003167F8 /* LoginViewController.swift in Sources */,
				220A5DCA23E74B8600E87704 /* UIColor.swift in Sources */,
				22D5489523E73247003167F8 /* AppDelegate.swift in Sources */,
				220A5DCD23E7520100E87704 /* HeaderLabel.swift in Sources */,
				22D5489723E73247003167F8 /* SceneDelegate.swift in Sources */,
			);
			runOnlyForDeploymentPostprocessing = 0;
		};
		22D548A323E73248003167F8 /* Sources */ = {
			isa = PBXSourcesBuildPhase;
			buildActionMask = 2147483647;
			files = (
				22D548AC23E73248003167F8 /* OnboardingTests.swift in Sources */,
			);
			runOnlyForDeploymentPostprocessing = 0;
		};
/* End PBXSourcesBuildPhase section */

/* Begin PBXTargetDependency section */
		22D548A923E73248003167F8 /* PBXTargetDependency */ = {
			isa = PBXTargetDependency;
			target = 22D5489023E73247003167F8 /* Onboarding */;
			targetProxy = 22D548A823E73248003167F8 /* PBXContainerItemProxy */;
		};
/* End PBXTargetDependency section */

/* Begin PBXVariantGroup section */
		22D5489A23E73247003167F8 /* Main.storyboard */ = {
			isa = PBXVariantGroup;
			children = (
				22D5489B23E73247003167F8 /* Base */,
			);
			name = Main.storyboard;
			sourceTree = "<group>";
		};
		22D5489F23E73248003167F8 /* LaunchScreen.storyboard */ = {
			isa = PBXVariantGroup;
			children = (
				22D548A023E73248003167F8 /* Base */,
			);
			name = LaunchScreen.storyboard;
			sourceTree = "<group>";
		};
/* End PBXVariantGroup section */

/* Begin XCBuildConfiguration section */
		22D548AE23E73248003167F8 /* Debug */ = {
			isa = XCBuildConfiguration;
			buildSettings = {
				ALWAYS_SEARCH_USER_PATHS = NO;
				CLANG_ANALYZER_NONNULL = YES;
				CLANG_ANALYZER_NUMBER_OBJECT_CONVERSION = YES_AGGRESSIVE;
				CLANG_CXX_LANGUAGE_STANDARD = "gnu++14";
				CLANG_CXX_LIBRARY = "libc++";
				CLANG_ENABLE_MODULES = YES;
				CLANG_ENABLE_OBJC_ARC = YES;
				CLANG_ENABLE_OBJC_WEAK = YES;
				CLANG_WARN_BLOCK_CAPTURE_AUTORELEASING = YES;
				CLANG_WARN_BOOL_CONVERSION = YES;
				CLANG_WARN_COMMA = YES;
				CLANG_WARN_CONSTANT_CONVERSION = YES;
				CLANG_WARN_DEPRECATED_OBJC_IMPLEMENTATIONS = YES;
				CLANG_WARN_DIRECT_OBJC_ISA_USAGE = YES_ERROR;
				CLANG_WARN_DOCUMENTATION_COMMENTS = YES;
				CLANG_WARN_EMPTY_BODY = YES;
				CLANG_WARN_ENUM_CONVERSION = YES;
				CLANG_WARN_INFINITE_RECURSION = YES;
				CLANG_WARN_INT_CONVERSION = YES;
				CLANG_WARN_NON_LITERAL_NULL_CONVERSION = YES;
				CLANG_WARN_OBJC_IMPLICIT_RETAIN_SELF = YES;
				CLANG_WARN_OBJC_LITERAL_CONVERSION = YES;
				CLANG_WARN_OBJC_ROOT_CLASS = YES_ERROR;
				CLANG_WARN_RANGE_LOOP_ANALYSIS = YES;
				CLANG_WARN_STRICT_PROTOTYPES = YES;
				CLANG_WARN_SUSPICIOUS_MOVE = YES;
				CLANG_WARN_UNGUARDED_AVAILABILITY = YES_AGGRESSIVE;
				CLANG_WARN_UNREACHABLE_CODE = YES;
				CLANG_WARN__DUPLICATE_METHOD_MATCH = YES;
				COPY_PHASE_STRIP = NO;
				DEBUG_INFORMATION_FORMAT = dwarf;
				ENABLE_STRICT_OBJC_MSGSEND = YES;
				ENABLE_TESTABILITY = YES;
				GCC_C_LANGUAGE_STANDARD = gnu11;
				GCC_DYNAMIC_NO_PIC = NO;
				GCC_NO_COMMON_BLOCKS = YES;
				GCC_OPTIMIZATION_LEVEL = 0;
				GCC_PREPROCESSOR_DEFINITIONS = (
					"DEBUG=1",
					"$(inherited)",
				);
				GCC_WARN_64_TO_32_BIT_CONVERSION = YES;
				GCC_WARN_ABOUT_RETURN_TYPE = YES_ERROR;
				GCC_WARN_UNDECLARED_SELECTOR = YES;
				GCC_WARN_UNINITIALIZED_AUTOS = YES_AGGRESSIVE;
				GCC_WARN_UNUSED_FUNCTION = YES;
				GCC_WARN_UNUSED_VARIABLE = YES;
				IPHONEOS_DEPLOYMENT_TARGET = 13.2;
				MTL_ENABLE_DEBUG_INFO = INCLUDE_SOURCE;
				MTL_FAST_MATH = YES;
				ONLY_ACTIVE_ARCH = YES;
				SDKROOT = iphoneos;
				SWIFT_ACTIVE_COMPILATION_CONDITIONS = DEBUG;
				SWIFT_OPTIMIZATION_LEVEL = "-Onone";
			};
			name = Debug;
		};
		22D548AF23E73248003167F8 /* Release */ = {
			isa = XCBuildConfiguration;
			buildSettings = {
				ALWAYS_SEARCH_USER_PATHS = NO;
				CLANG_ANALYZER_NONNULL = YES;
				CLANG_ANALYZER_NUMBER_OBJECT_CONVERSION = YES_AGGRESSIVE;
				CLANG_CXX_LANGUAGE_STANDARD = "gnu++14";
				CLANG_CXX_LIBRARY = "libc++";
				CLANG_ENABLE_MODULES = YES;
				CLANG_ENABLE_OBJC_ARC = YES;
				CLANG_ENABLE_OBJC_WEAK = YES;
				CLANG_WARN_BLOCK_CAPTURE_AUTORELEASING = YES;
				CLANG_WARN_BOOL_CONVERSION = YES;
				CLANG_WARN_COMMA = YES;
				CLANG_WARN_CONSTANT_CONVERSION = YES;
				CLANG_WARN_DEPRECATED_OBJC_IMPLEMENTATIONS = YES;
				CLANG_WARN_DIRECT_OBJC_ISA_USAGE = YES_ERROR;
				CLANG_WARN_DOCUMENTATION_COMMENTS = YES;
				CLANG_WARN_EMPTY_BODY = YES;
				CLANG_WARN_ENUM_CONVERSION = YES;
				CLANG_WARN_INFINITE_RECURSION = YES;
				CLANG_WARN_INT_CONVERSION = YES;
				CLANG_WARN_NON_LITERAL_NULL_CONVERSION = YES;
				CLANG_WARN_OBJC_IMPLICIT_RETAIN_SELF = YES;
				CLANG_WARN_OBJC_LITERAL_CONVERSION = YES;
				CLANG_WARN_OBJC_ROOT_CLASS = YES_ERROR;
				CLANG_WARN_RANGE_LOOP_ANALYSIS = YES;
				CLANG_WARN_STRICT_PROTOTYPES = YES;
				CLANG_WARN_SUSPICIOUS_MOVE = YES;
				CLANG_WARN_UNGUARDED_AVAILABILITY = YES_AGGRESSIVE;
				CLANG_WARN_UNREACHABLE_CODE = YES;
				CLANG_WARN__DUPLICATE_METHOD_MATCH = YES;
				COPY_PHASE_STRIP = NO;
				DEBUG_INFORMATION_FORMAT = "dwarf-with-dsym";
				ENABLE_NS_ASSERTIONS = NO;
				ENABLE_STRICT_OBJC_MSGSEND = YES;
				GCC_C_LANGUAGE_STANDARD = gnu11;
				GCC_NO_COMMON_BLOCKS = YES;
				GCC_WARN_64_TO_32_BIT_CONVERSION = YES;
				GCC_WARN_ABOUT_RETURN_TYPE = YES_ERROR;
				GCC_WARN_UNDECLARED_SELECTOR = YES;
				GCC_WARN_UNINITIALIZED_AUTOS = YES_AGGRESSIVE;
				GCC_WARN_UNUSED_FUNCTION = YES;
				GCC_WARN_UNUSED_VARIABLE = YES;
				IPHONEOS_DEPLOYMENT_TARGET = 13.2;
				MTL_ENABLE_DEBUG_INFO = NO;
				MTL_FAST_MATH = YES;
				SDKROOT = iphoneos;
				SWIFT_COMPILATION_MODE = wholemodule;
				SWIFT_OPTIMIZATION_LEVEL = "-O";
				VALIDATE_PRODUCT = YES;
			};
			name = Release;
		};
		22D548B123E73248003167F8 /* Debug */ = {
			isa = XCBuildConfiguration;
			baseConfigurationReference = 7BE2105CBF1EE9C439A3A7DC /* Pods-Onboarding.debug.xcconfig */;
			buildSettings = {
				ASSETCATALOG_COMPILER_APPICON_NAME = AppIcon;
				CODE_SIGN_STYLE = Automatic;
				DEVELOPMENT_TEAM = JY22C8NC68;
				INFOPLIST_FILE = Onboarding/Info.plist;
				LD_RUNPATH_SEARCH_PATHS = (
					"$(inherited)",
					"@executable_path/Frameworks",
				);
				PRODUCT_BUNDLE_IDENTIFIER = rodionkuskov.Onboarding;
				PRODUCT_NAME = "$(TARGET_NAME)";
				SWIFT_VERSION = 5.0;
				TARGETED_DEVICE_FAMILY = "1,2";
			};
			name = Debug;
		};
		22D548B223E73248003167F8 /* Release */ = {
			isa = XCBuildConfiguration;
			baseConfigurationReference = 18832888CD99BD48D1A2244E /* Pods-Onboarding.release.xcconfig */;
			buildSettings = {
				ASSETCATALOG_COMPILER_APPICON_NAME = AppIcon;
				CODE_SIGN_STYLE = Automatic;
				DEVELOPMENT_TEAM = JY22C8NC68;
				INFOPLIST_FILE = Onboarding/Info.plist;
				LD_RUNPATH_SEARCH_PATHS = (
					"$(inherited)",
					"@executable_path/Frameworks",
				);
				PRODUCT_BUNDLE_IDENTIFIER = rodionkuskov.Onboarding;
				PRODUCT_NAME = "$(TARGET_NAME)";
				SWIFT_VERSION = 5.0;
				TARGETED_DEVICE_FAMILY = "1,2";
			};
			name = Release;
		};
		22D548B423E73248003167F8 /* Debug */ = {
			isa = XCBuildConfiguration;
			baseConfigurationReference = 12810368597A13FA0F56FF89 /* Pods-OnboardingTests.debug.xcconfig */;
			buildSettings = {
				ALWAYS_EMBED_SWIFT_STANDARD_LIBRARIES = YES;
				BUNDLE_LOADER = "$(TEST_HOST)";
				CODE_SIGN_STYLE = Automatic;
				DEVELOPMENT_TEAM = JY22C8NC68;
				INFOPLIST_FILE = OnboardingTests/Info.plist;
				IPHONEOS_DEPLOYMENT_TARGET = 13.2;
				LD_RUNPATH_SEARCH_PATHS = (
					"$(inherited)",
					"@executable_path/Frameworks",
					"@loader_path/Frameworks",
				);
				PRODUCT_BUNDLE_IDENTIFIER = rodionkuskov.OnboardingTests;
				PRODUCT_NAME = "$(TARGET_NAME)";
				SWIFT_VERSION = 5.0;
				TARGETED_DEVICE_FAMILY = "1,2";
				TEST_HOST = "$(BUILT_PRODUCTS_DIR)/Onboarding.app/Onboarding";
			};
			name = Debug;
		};
		22D548B523E73248003167F8 /* Release */ = {
			isa = XCBuildConfiguration;
			baseConfigurationReference = 005DE5A02665AD6492BF6A63 /* Pods-OnboardingTests.release.xcconfig */;
			buildSettings = {
				ALWAYS_EMBED_SWIFT_STANDARD_LIBRARIES = YES;
				BUNDLE_LOADER = "$(TEST_HOST)";
				CODE_SIGN_STYLE = Automatic;
				DEVELOPMENT_TEAM = JY22C8NC68;
				INFOPLIST_FILE = OnboardingTests/Info.plist;
				IPHONEOS_DEPLOYMENT_TARGET = 13.2;
				LD_RUNPATH_SEARCH_PATHS = (
					"$(inherited)",
					"@executable_path/Frameworks",
					"@loader_path/Frameworks",
				);
				PRODUCT_BUNDLE_IDENTIFIER = rodionkuskov.OnboardingTests;
				PRODUCT_NAME = "$(TARGET_NAME)";
				SWIFT_VERSION = 5.0;
				TARGETED_DEVICE_FAMILY = "1,2";
				TEST_HOST = "$(BUILT_PRODUCTS_DIR)/Onboarding.app/Onboarding";
			};
			name = Release;
		};
/* End XCBuildConfiguration section */

/* Begin XCConfigurationList section */
		22D5488C23E73247003167F8 /* Build configuration list for PBXProject "Onboarding" */ = {
			isa = XCConfigurationList;
			buildConfigurations = (
				22D548AE23E73248003167F8 /* Debug */,
				22D548AF23E73248003167F8 /* Release */,
			);
			defaultConfigurationIsVisible = 0;
			defaultConfigurationName = Release;
		};
		22D548B023E73248003167F8 /* Build configuration list for PBXNativeTarget "Onboarding" */ = {
			isa = XCConfigurationList;
			buildConfigurations = (
				22D548B123E73248003167F8 /* Debug */,
				22D548B223E73248003167F8 /* Release */,
			);
			defaultConfigurationIsVisible = 0;
			defaultConfigurationName = Release;
		};
		22D548B323E73248003167F8 /* Build configuration list for PBXNativeTarget "OnboardingTests" */ = {
			isa = XCConfigurationList;
			buildConfigurations = (
				22D548B423E73248003167F8 /* Debug */,
				22D548B523E73248003167F8 /* Release */,
			);
			defaultConfigurationIsVisible = 0;
			defaultConfigurationName = Release;
		};
/* End XCConfigurationList section */
	};
	rootObject = 22D5488923E73247003167F8 /* Project object */;
}
